
Microsoft Visual Studio Solution File, Format Version 12.00
# Visual Studio Version 16
VisualStudioVersion = 16.0.29102.190
MinimumVisualStudioVersion = 10.0.40219.1
Project("{FAE04EC0-301F-11D3-BF4B-00C04F79EFBC}") = "AIW.iOS", "AIW\AIW.iOS\AIW.iOS.csproj", "{223A812D-71DD-4158-98AE-4B38E0D3C6F6}"
EndProject
Project("{FAE04EC0-301F-11D3-BF4B-00C04F79EFBC}") = "AIW.UWP", "AIW\AIW.UWP\AIW.UWP.csproj", "{F3850E4F-ACD5-445E-8F26-91BC32B8D237}"
EndProject
Project("{9A19103F-16F7-4668-BE54-9A1E7A4F7556}") = "AIW", "AIW\AIW\AIW.csproj", "{6B0B16C2-D0C2-4617-A4DF-0A298A27FF5B}"
EndProject
Project("{FAE04EC0-301F-11D3-BF4B-00C04F79EFBC}") = "AIW.Android", "AIW\AIW.Android\AIW.Android.csproj", "{DC89AC35-6301-4643-B902-F2714E80C0A6}"
EndProject
Global
	GlobalSection(SolutionConfigurationPlatforms) = preSolution
		Ad-Hoc|Any CPU = Ad-Hoc|Any CPU
		Ad-Hoc|ARM = Ad-Hoc|ARM
		Ad-Hoc|iPhone = Ad-Hoc|iPhone
		Ad-Hoc|iPhoneSimulator = Ad-Hoc|iPhoneSimulator
		Ad-Hoc|x64 = Ad-Hoc|x64
		Ad-Hoc|x86 = Ad-Hoc|x86
		AppStore|Any CPU = AppStore|Any CPU
		AppStore|ARM = AppStore|ARM
		AppStore|iPhone = AppStore|iPhone
		AppStore|iPhoneSimulator = AppStore|iPhoneSimulator
		AppStore|x64 = AppStore|x64
		AppStore|x86 = AppStore|x86
		Debug|Any CPU = Debug|Any CPU
		Debug|ARM = Debug|ARM
		Debug|iPhone = Debug|iPhone
		Debug|iPhoneSimulator = Debug|iPhoneSimulator
		Debug|x64 = Debug|x64
		Debug|x86 = Debug|x86
		Release|Any CPU = Release|Any CPU
		Release|ARM = Release|ARM
		Release|iPhone = Release|iPhone
		Release|iPhoneSimulator = Release|iPhoneSimulator
		Release|x64 = Release|x64
		Release|x86 = Release|x86
	EndGlobalSection
	GlobalSection(ProjectConfigurationPlatforms) = postSolution
		{223A812D-71DD-4158-98AE-4B38E0D3C6F6}.Ad-Hoc|Any CPU.ActiveCfg = Ad-Hoc|iPhone
		{223A812D-71DD-4158-98AE-4B38E0D3C6F6}.Ad-Hoc|Any CPU.Build.0 = Ad-Hoc|iPhone
		{223A812D-71DD-4158-98AE-4B38E0D3C6F6}.Ad-Hoc|Any CPU.Deploy.0 = Ad-Hoc|iPhone
		{223A812D-71DD-4158-98AE-4B38E0D3C6F6}.Ad-Hoc|ARM.ActiveCfg = Ad-Hoc|iPhone
		{223A812D-71DD-4158-98AE-4B38E0D3C6F6}.Ad-Hoc|ARM.Build.0 = Ad-Hoc|iPhone
		{223A812D-71DD-4158-98AE-4B38E0D3C6F6}.Ad-Hoc|ARM.Deploy.0 = Ad-Hoc|iPhone
		{223A812D-71DD-4158-98AE-4B38E0D3C6F6}.Ad-Hoc|iPhone.ActiveCfg = Ad-Hoc|iPhone
		{223A812D-71DD-4158-98AE-4B38E0D3C6F6}.Ad-Hoc|iPhone.Build.0 = Ad-Hoc|iPhone
		{223A812D-71DD-4158-98AE-4B38E0D3C6F6}.Ad-Hoc|iPhone.Deploy.0 = Ad-Hoc|iPhone
		{223A812D-71DD-4158-98AE-4B38E0D3C6F6}.Ad-Hoc|iPhoneSimulator.ActiveCfg = Ad-Hoc|iPhoneSimulator
		{223A812D-71DD-4158-98AE-4B38E0D3C6F6}.Ad-Hoc|iPhoneSimulator.Build.0 = Ad-Hoc|iPhoneSimulator
		{223A812D-71DD-4158-98AE-4B38E0D3C6F6}.Ad-Hoc|iPhoneSimulator.Deploy.0 = Ad-Hoc|iPhoneSimulator
		{223A812D-71DD-4158-98AE-4B38E0D3C6F6}.Ad-Hoc|x64.ActiveCfg = Ad-Hoc|iPhone
		{223A812D-71DD-4158-98AE-4B38E0D3C6F6}.Ad-Hoc|x64.Build.0 = Ad-Hoc|iPhone
		{223A812D-71DD-4158-98AE-4B38E0D3C6F6}.Ad-Hoc|x64.Deploy.0 = Ad-Hoc|iPhone
		{223A812D-71DD-4158-98AE-4B38E0D3C6F6}.Ad-Hoc|x86.ActiveCfg = Ad-Hoc|iPhone
		{223A812D-71DD-4158-98AE-4B38E0D3C6F6}.Ad-Hoc|x86.Build.0 = Ad-Hoc|iPhone
		{223A812D-71DD-4158-98AE-4B38E0D3C6F6}.Ad-Hoc|x86.Deploy.0 = Ad-Hoc|iPhone
		{223A812D-71DD-4158-98AE-4B38E0D3C6F6}.AppStore|Any CPU.ActiveCfg = AppStore|iPhone
		{223A812D-71DD-4158-98AE-4B38E0D3C6F6}.AppStore|Any CPU.Build.0 = AppStore|iPhone
		{223A812D-71DD-4158-98AE-4B38E0D3C6F6}.AppStore|Any CPU.Deploy.0 = AppStore|iPhone
		{223A812D-71DD-4158-98AE-4B38E0D3C6F6}.AppStore|ARM.ActiveCfg = AppStore|iPhone
		{223A812D-71DD-4158-98AE-4B38E0D3C6F6}.AppStore|ARM.Build.0 = AppStore|iPhone
		{223A812D-71DD-4158-98AE-4B38E0D3C6F6}.AppStore|ARM.Deploy.0 = AppStore|iPhone
		{223A812D-71DD-4158-98AE-4B38E0D3C6F6}.AppStore|iPhone.ActiveCfg = AppStore|iPhone
		{223A812D-71DD-4158-98AE-4B38E0D3C6F6}.AppStore|iPhone.Build.0 = AppStore|iPhone
		{223A812D-71DD-4158-98AE-4B38E0D3C6F6}.AppStore|iPhone.Deploy.0 = AppStore|iPhone
		{223A812D-71DD-4158-98AE-4B38E0D3C6F6}.AppStore|iPhoneSimulator.ActiveCfg = AppStore|iPhoneSimulator
		{223A812D-71DD-4158-98AE-4B38E0D3C6F6}.AppStore|iPhoneSimulator.Build.0 = AppStore|iPhoneSimulator
		{223A812D-71DD-4158-98AE-4B38E0D3C6F6}.AppStore|iPhoneSimulator.Deploy.0 = AppStore|iPhoneSimulator
		{223A812D-71DD-4158-98AE-4B38E0D3C6F6}.AppStore|x64.ActiveCfg = AppStore|iPhone
		{223A812D-71DD-4158-98AE-4B38E0D3C6F6}.AppStore|x64.Build.0 = AppStore|iPhone
		{223A812D-71DD-4158-98AE-4B38E0D3C6F6}.AppStore|x64.Deploy.0 = AppStore|iPhone
		{223A812D-71DD-4158-98AE-4B38E0D3C6F6}.AppStore|x86.ActiveCfg = AppStore|iPhone
		{223A812D-71DD-4158-98AE-4B38E0D3C6F6}.AppStore|x86.Build.0 = AppStore|iPhone
		{223A812D-71DD-4158-98AE-4B38E0D3C6F6}.AppStore|x86.Deploy.0 = AppStore|iPhone
		{223A812D-71DD-4158-98AE-4B38E0D3C6F6}.Debug|Any CPU.ActiveCfg = Debug|iPhoneSimulator
		{223A812D-71DD-4158-98AE-4B38E0D3C6F6}.Debug|Any CPU.Build.0 = Debug|iPhoneSimulator
		{223A812D-71DD-4158-98AE-4B38E0D3C6F6}.Debug|Any CPU.Deploy.0 = Debug|iPhoneSimulator
		{223A812D-71DD-4158-98AE-4B38E0D3C6F6}.Debug|ARM.ActiveCfg = Debug|iPhone
		{223A812D-71DD-4158-98AE-4B38E0D3C6F6}.Debug|ARM.Build.0 = Debug|iPhone
		{223A812D-71DD-4158-98AE-4B38E0D3C6F6}.Debug|ARM.Deploy.0 = Debug|iPhone
		{223A812D-71DD-4158-98AE-4B38E0D3C6F6}.Debug|iPhone.ActiveCfg = Debug|iPhone
		{223A812D-71DD-4158-98AE-4B38E0D3C6F6}.Debug|iPhone.Build.0 = Debug|iPhone
		{223A812D-71DD-4158-98AE-4B38E0D3C6F6}.Debug|iPhone.Deploy.0 = Debug|iPhone
		{223A812D-71DD-4158-98AE-4B38E0D3C6F6}.Debug|iPhoneSimulator.ActiveCfg = Debug|iPhoneSimulator
		{223A812D-71DD-4158-98AE-4B38E0D3C6F6}.Debug|iPhoneSimulator.Build.0 = Debug|iPhoneSimulator
		{223A812D-71DD-4158-98AE-4B38E0D3C6F6}.Debug|iPhoneSimulator.Deploy.0 = Debug|iPhoneSimulator
		{223A812D-71DD-4158-98AE-4B38E0D3C6F6}.Debug|x64.ActiveCfg = Debug|iPhone
		{223A812D-71DD-4158-98AE-4B38E0D3C6F6}.Debug|x64.Build.0 = Debug|iPhone
		{223A812D-71DD-4158-98AE-4B38E0D3C6F6}.Debug|x64.Deploy.0 = Debug|iPhone
		{223A812D-71DD-4158-98AE-4B38E0D3C6F6}.Debug|x86.ActiveCfg = Debug|iPhone
		{223A812D-71DD-4158-98AE-4B38E0D3C6F6}.Debug|x86.Build.0 = Debug|iPhone
		{223A812D-71DD-4158-98AE-4B38E0D3C6F6}.Debug|x86.Deploy.0 = Debug|iPhone
		{223A812D-71DD-4158-98AE-4B38E0D3C6F6}.Release|Any CPU.ActiveCfg = Release|iPhone
		{223A812D-71DD-4158-98AE-4B38E0D3C6F6}.Release|Any CPU.Build.0 = Release|iPhone
		{223A812D-71DD-4158-98AE-4B38E0D3C6F6}.Release|Any CPU.Deploy.0 = Release|iPhone
		{223A812D-71DD-4158-98AE-4B38E0D3C6F6}.Release|ARM.ActiveCfg = Release|iPhone
		{223A812D-71DD-4158-98AE-4B38E0D3C6F6}.Release|ARM.Build.0 = Release|iPhone
		{223A812D-71DD-4158-98AE-4B38E0D3C6F6}.Release|ARM.Deploy.0 = Release|iPhone
		{223A812D-71DD-4158-98AE-4B38E0D3C6F6}.Release|iPhone.ActiveCfg = Release|iPhone
		{223A812D-71DD-4158-98AE-4B38E0D3C6F6}.Release|iPhone.Build.0 = Release|iPhone
		{223A812D-71DD-4158-98AE-4B38E0D3C6F6}.Release|iPhone.Deploy.0 = Release|iPhone
		{223A812D-71DD-4158-98AE-4B38E0D3C6F6}.Release|iPhoneSimulator.ActiveCfg = Release|iPhoneSimulator
		{223A812D-71DD-4158-98AE-4B38E0D3C6F6}.Release|iPhoneSimulator.Build.0 = Release|iPhoneSimulator
		{223A812D-71DD-4158-98AE-4B38E0D3C6F6}.Release|iPhoneSimulator.Deploy.0 = Release|iPhoneSimulator
		{223A812D-71DD-4158-98AE-4B38E0D3C6F6}.Release|x64.ActiveCfg = Release|iPhone
		{223A812D-71DD-4158-98AE-4B38E0D3C6F6}.Release|x64.Build.0 = Release|iPhone
		{223A812D-71DD-4158-98AE-4B38E0D3C6F6}.Release|x64.Deploy.0 = Release|iPhone
		{223A812D-71DD-4158-98AE-4B38E0D3C6F6}.Release|x86.ActiveCfg = Release|iPhone
		{223A812D-71DD-4158-98AE-4B38E0D3C6F6}.Release|x86.Build.0 = Release|iPhone
		{223A812D-71DD-4158-98AE-4B38E0D3C6F6}.Release|x86.Deploy.0 = Release|iPhone
		{F3850E4F-ACD5-445E-8F26-91BC32B8D237}.Ad-Hoc|Any CPU.ActiveCfg = Release|x86
		{F3850E4F-ACD5-445E-8F26-91BC32B8D237}.Ad-Hoc|Any CPU.Build.0 = Release|x86
		{F3850E4F-ACD5-445E-8F26-91BC32B8D237}.Ad-Hoc|Any CPU.Deploy.0 = Release|x86
		{F3850E4F-ACD5-445E-8F26-91BC32B8D237}.Ad-Hoc|ARM.ActiveCfg = Release|ARM
		{F3850E4F-ACD5-445E-8F26-91BC32B8D237}.Ad-Hoc|ARM.Build.0 = Release|ARM
		{F3850E4F-ACD5-445E-8F26-91BC32B8D237}.Ad-Hoc|ARM.Deploy.0 = Release|ARM
		{F3850E4F-ACD5-445E-8F26-91BC32B8D237}.Ad-Hoc|iPhone.ActiveCfg = Release|x86
		{F3850E4F-ACD5-445E-8F26-91BC32B8D237}.Ad-Hoc|iPhone.Build.0 = Release|x86
		{F3850E4F-ACD5-445E-8F26-91BC32B8D237}.Ad-Hoc|iPhone.Deploy.0 = Release|x86
		{F3850E4F-ACD5-445E-8F26-91BC32B8D237}.Ad-Hoc|iPhoneSimulator.ActiveCfg = Release|x86
		{F3850E4F-ACD5-445E-8F26-91BC32B8D237}.Ad-Hoc|iPhoneSimulator.Build.0 = Release|x86
		{F3850E4F-ACD5-445E-8F26-91BC32B8D237}.Ad-Hoc|iPhoneSimulator.Deploy.0 = Release|x86
		{F3850E4F-ACD5-445E-8F26-91BC32B8D237}.Ad-Hoc|x64.ActiveCfg = Release|x64
		{F3850E4F-ACD5-445E-8F26-91BC32B8D237}.Ad-Hoc|x64.Build.0 = Release|x64
		{F3850E4F-ACD5-445E-8F26-91BC32B8D237}.Ad-Hoc|x64.Deploy.0 = Release|x64
		{F3850E4F-ACD5-445E-8F26-91BC32B8D237}.Ad-Hoc|x86.ActiveCfg = Release|x86
		{F3850E4F-ACD5-445E-8F26-91BC32B8D237}.Ad-Hoc|x86.Build.0 = Release|x86
		{F3850E4F-ACD5-445E-8F26-91BC32B8D237}.Ad-Hoc|x86.Deploy.0 = Release|x86
		{F3850E4F-ACD5-445E-8F26-91BC32B8D237}.AppStore|Any CPU.ActiveCfg = Release|x86
		{F3850E4F-ACD5-445E-8F26-91BC32B8D237}.AppStore|Any CPU.Build.0 = Release|x86
		{F3850E4F-ACD5-445E-8F26-91BC32B8D237}.AppStore|Any CPU.Deploy.0 = Release|x86
		{F3850E4F-ACD5-445E-8F26-91BC32B8D237}.AppStore|ARM.ActiveCfg = Release|ARM
		{F3850E4F-ACD5-445E-8F26-91BC32B8D237}.AppStore|ARM.Build.0 = Release|ARM
		{F3850E4F-ACD5-445E-8F26-91BC32B8D237}.AppStore|ARM.Deploy.0 = Release|ARM
		{F3850E4F-ACD5-445E-8F26-91BC32B8D237}.AppStore|iPhone.ActiveCfg = Release|x86
		{F3850E4F-ACD5-445E-8F26-91BC32B8D237}.AppStore|iPhone.Build.0 = Release|x86
		{F3850E4F-ACD5-445E-8F26-91BC32B8D237}.AppStore|iPhone.Deploy.0 = Release|x86
		{F3850E4F-ACD5-445E-8F26-91BC32B8D237}.AppStore|iPhoneSimulator.ActiveCfg = Release|x86
		{F3850E4F-ACD5-445E-8F26-91BC32B8D237}.AppStore|iPhoneSimulator.Build.0 = Release|x86
		{F3850E4F-ACD5-445E-8F26-91BC32B8D237}.AppStore|iPhoneSimulator.Deploy.0 = Release|x86
		{F3850E4F-ACD5-445E-8F26-91BC32B8D237}.AppStore|x64.ActiveCfg = Release|x64
		{F3850E4F-ACD5-445E-8F26-91BC32B8D237}.AppStore|x64.Build.0 = Release|x64
		{F3850E4F-ACD5-445E-8F26-91BC32B8D237}.AppStore|x64.Deploy.0 = Release|x64
		{F3850E4F-ACD5-445E-8F26-91BC32B8D237}.AppStore|x86.ActiveCfg = Release|x86
		{F3850E4F-ACD5-445E-8F26-91BC32B8D237}.AppStore|x86.Build.0 = Release|x86
		{F3850E4F-ACD5-445E-8F26-91BC32B8D237}.AppStore|x86.Deploy.0 = Release|x86
		{F3850E4F-ACD5-445E-8F26-91BC32B8D237}.Debug|Any CPU.ActiveCfg = Debug|x86
		{F3850E4F-ACD5-445E-8F26-91BC32B8D237}.Debug|Any CPU.Build.0 = Debug|x86
		{F3850E4F-ACD5-445E-8F26-91BC32B8D237}.Debug|Any CPU.Deploy.0 = Debug|x86
		{F3850E4F-ACD5-445E-8F26-91BC32B8D237}.Debug|ARM.ActiveCfg = Debug|ARM
		{F3850E4F-ACD5-445E-8F26-91BC32B8D237}.Debug|ARM.Build.0 = Debug|ARM
		{F3850E4F-ACD5-445E-8F26-91BC32B8D237}.Debug|ARM.Deploy.0 = Debug|ARM
		{F3850E4F-ACD5-445E-8F26-91BC32B8D237}.Debug|iPhone.ActiveCfg = Debug|x86
		{F3850E4F-ACD5-445E-8F26-91BC32B8D237}.Debug|iPhone.Build.0 = Debug|x86
		{F3850E4F-ACD5-445E-8F26-91BC32B8D237}.Debug|iPhone.Deploy.0 = Debug|x86
		{F3850E4F-ACD5-445E-8F26-91BC32B8D237}.Debug|iPhoneSimulator.ActiveCfg = Debug|x86
		{F3850E4F-ACD5-445E-8F26-91BC32B8D237}.Debug|iPhoneSimulator.Build.0 = Debug|x86
		{F3850E4F-ACD5-445E-8F26-91BC32B8D237}.Debug|iPhoneSimulator.Deploy.0 = Debug|x86
		{F3850E4F-ACD5-445E-8F26-91BC32B8D237}.Debug|x64.ActiveCfg = Debug|x64
		{F3850E4F-ACD5-445E-8F26-91BC32B8D237}.Debug|x64.Build.0 = Debug|x64
		{F3850E4F-ACD5-445E-8F26-91BC32B8D237}.Debug|x64.Deploy.0 = Debug|x64
		{F3850E4F-ACD5-445E-8F26-91BC32B8D237}.Debug|x86.ActiveCfg = Debug|x86
		{F3850E4F-ACD5-445E-8F26-91BC32B8D237}.Debug|x86.Build.0 = Debug|x86
		{F3850E4F-ACD5-445E-8F26-91BC32B8D237}.Debug|x86.Deploy.0 = Debug|x86
		{F3850E4F-ACD5-445E-8F26-91BC32B8D237}.Release|Any CPU.ActiveCfg = Release|x86
		{F3850E4F-ACD5-445E-8F26-91BC32B8D237}.Release|Any CPU.Build.0 = Release|x86
		{F3850E4F-ACD5-445E-8F26-91BC32B8D237}.Release|Any CPU.Deploy.0 = Release|x86
		{F3850E4F-ACD5-445E-8F26-91BC32B8D237}.Release|ARM.ActiveCfg = Release|ARM
		{F3850E4F-ACD5-445E-8F26-91BC32B8D237}.Release|ARM.Build.0 = Release|ARM
		{F3850E4F-ACD5-445E-8F26-91BC32B8D237}.Release|ARM.Deploy.0 = Release|ARM
		{F3850E4F-ACD5-445E-8F26-91BC32B8D237}.Release|iPhone.ActiveCfg = Release|x86
		{F3850E4F-ACD5-445E-8F26-91BC32B8D237}.Release|iPhone.Build.0 = Release|x86
		{F3850E4F-ACD5-445E-8F26-91BC32B8D237}.Release|iPhone.Deploy.0 = Release|x86
		{F3850E4F-ACD5-445E-8F26-91BC32B8D237}.Release|iPhoneSimulator.ActiveCfg = Release|x86
		{F3850E4F-ACD5-445E-8F26-91BC32B8D237}.Release|iPhoneSimulator.Build.0 = Release|x86
		{F3850E4F-ACD5-445E-8F26-91BC32B8D237}.Release|iPhoneSimulator.Deploy.0 = Release|x86
		{F3850E4F-ACD5-445E-8F26-91BC32B8D237}.Release|x64.ActiveCfg = Release|x64
		{F3850E4F-ACD5-445E-8F26-91BC32B8D237}.Release|x64.Build.0 = Release|x64
		{F3850E4F-ACD5-445E-8F26-91BC32B8D237}.Release|x64.Deploy.0 = Release|x64
		{F3850E4F-ACD5-445E-8F26-91BC32B8D237}.Release|x86.ActiveCfg = Release|x86
		{F3850E4F-ACD5-445E-8F26-91BC32B8D237}.Release|x86.Build.0 = Release|x86
		{F3850E4F-ACD5-445E-8F26-91BC32B8D237}.Release|x86.Deploy.0 = Release|x86
		{6B0B16C2-D0C2-4617-A4DF-0A298A27FF5B}.Ad-Hoc|Any CPU.ActiveCfg = Debug|Any CPU
		{6B0B16C2-D0C2-4617-A4DF-0A298A27FF5B}.Ad-Hoc|Any CPU.Build.0 = Debug|Any CPU
		{6B0B16C2-D0C2-4617-A4DF-0A298A27FF5B}.Ad-Hoc|Any CPU.Deploy.0 = Debug|Any CPU
		{6B0B16C2-D0C2-4617-A4DF-0A298A27FF5B}.Ad-Hoc|ARM.ActiveCfg = Debug|Any CPU
		{6B0B16C2-D0C2-4617-A4DF-0A298A27FF5B}.Ad-Hoc|ARM.Build.0 = Debug|Any CPU
		{6B0B16C2-D0C2-4617-A4DF-0A298A27FF5B}.Ad-Hoc|ARM.Deploy.0 = Debug|Any CPU
		{6B0B16C2-D0C2-4617-A4DF-0A298A27FF5B}.Ad-Hoc|iPhone.ActiveCfg = Debug|Any CPU
		{6B0B16C2-D0C2-4617-A4DF-0A298A27FF5B}.Ad-Hoc|iPhone.Build.0 = Debug|Any CPU
		{6B0B16C2-D0C2-4617-A4DF-0A298A27FF5B}.Ad-Hoc|iPhone.Deploy.0 = Debug|Any CPU
		{6B0B16C2-D0C2-4617-A4DF-0A298A27FF5B}.Ad-Hoc|iPhoneSimulator.ActiveCfg = Debug|Any CPU
		{6B0B16C2-D0C2-4617-A4DF-0A298A27FF5B}.Ad-Hoc|iPhoneSimulator.Build.0 = Debug|Any CPU
		{6B0B16C2-D0C2-4617-A4DF-0A298A27FF5B}.Ad-Hoc|iPhoneSimulator.Deploy.0 = Debug|Any CPU
		{6B0B16C2-D0C2-4617-A4DF-0A298A27FF5B}.Ad-Hoc|x64.ActiveCfg = Debug|Any CPU
		{6B0B16C2-D0C2-4617-A4DF-0A298A27FF5B}.Ad-Hoc|x64.Build.0 = Debug|Any CPU
		{6B0B16C2-D0C2-4617-A4DF-0A298A27FF5B}.Ad-Hoc|x64.Deploy.0 = Debug|Any CPU
		{6B0B16C2-D0C2-4617-A4DF-0A298A27FF5B}.Ad-Hoc|x86.ActiveCfg = Debug|Any CPU
		{6B0B16C2-D0C2-4617-A4DF-0A298A27FF5B}.Ad-Hoc|x86.Build.0 = Debug|Any CPU
		{6B0B16C2-D0C2-4617-A4DF-0A298A27FF5B}.Ad-Hoc|x86.Deploy.0 = Debug|Any CPU
		{6B0B16C2-D0C2-4617-A4DF-0A298A27FF5B}.AppStore|Any CPU.ActiveCfg = Debug|Any CPU
		{6B0B16C2-D0C2-4617-A4DF-0A298A27FF5B}.AppStore|Any CPU.Build.0 = Debug|Any CPU
		{6B0B16C2-D0C2-4617-A4DF-0A298A27FF5B}.AppStore|Any CPU.Deploy.0 = Debug|Any CPU
		{6B0B16C2-D0C2-4617-A4DF-0A298A27FF5B}.AppStore|ARM.ActiveCfg = Debug|Any CPU
		{6B0B16C2-D0C2-4617-A4DF-0A298A27FF5B}.AppStore|ARM.Build.0 = Debug|Any CPU
		{6B0B16C2-D0C2-4617-A4DF-0A298A27FF5B}.AppStore|ARM.Deploy.0 = Debug|Any CPU
		{6B0B16C2-D0C2-4617-A4DF-0A298A27FF5B}.AppStore|iPhone.ActiveCfg = Debug|Any CPU
		{6B0B16C2-D0C2-4617-A4DF-0A298A27FF5B}.AppStore|iPhone.Build.0 = Debug|Any CPU
		{6B0B16C2-D0C2-4617-A4DF-0A298A27FF5B}.AppStore|iPhone.Deploy.0 = Debug|Any CPU
		{6B0B16C2-D0C2-4617-A4DF-0A298A27FF5B}.AppStore|iPhoneSimulator.ActiveCfg = Debug|Any CPU
		{6B0B16C2-D0C2-4617-A4DF-0A298A27FF5B}.AppStore|iPhoneSimulator.Build.0 = Debug|Any CPU
		{6B0B16C2-D0C2-4617-A4DF-0A298A27FF5B}.AppStore|iPhoneSimulator.Deploy.0 = Debug|Any CPU
		{6B0B16C2-D0C2-4617-A4DF-0A298A27FF5B}.AppStore|x64.ActiveCfg = Debug|Any CPU
		{6B0B16C2-D0C2-4617-A4DF-0A298A27FF5B}.AppStore|x64.Build.0 = Debug|Any CPU
		{6B0B16C2-D0C2-4617-A4DF-0A298A27FF5B}.AppStore|x64.Deploy.0 = Debug|Any CPU
		{6B0B16C2-D0C2-4617-A4DF-0A298A27FF5B}.AppStore|x86.ActiveCfg = Debug|Any CPU
		{6B0B16C2-D0C2-4617-A4DF-0A298A27FF5B}.AppStore|x86.Build.0 = Debug|Any CPU
		{6B0B16C2-D0C2-4617-A4DF-0A298A27FF5B}.AppStore|x86.Deploy.0 = Debug|Any CPU
		{6B0B16C2-D0C2-4617-A4DF-0A298A27FF5B}.Debug|Any CPU.ActiveCfg = Debug|Any CPU
		{6B0B16C2-D0C2-4617-A4DF-0A298A27FF5B}.Debug|Any CPU.Build.0 = Debug|Any CPU
		{6B0B16C2-D0C2-4617-A4DF-0A298A27FF5B}.Debug|Any CPU.Deploy.0 = Debug|Any CPU
		{6B0B16C2-D0C2-4617-A4DF-0A298A27FF5B}.Debug|ARM.ActiveCfg = Debug|Any CPU
		{6B0B16C2-D0C2-4617-A4DF-0A298A27FF5B}.Debug|ARM.Build.0 = Debug|Any CPU
		{6B0B16C2-D0C2-4617-A4DF-0A298A27FF5B}.Debug|ARM.Deploy.0 = Debug|Any CPU
		{6B0B16C2-D0C2-4617-A4DF-0A298A27FF5B}.Debug|iPhone.ActiveCfg = Debug|Any CPU
		{6B0B16C2-D0C2-4617-A4DF-0A298A27FF5B}.Debug|iPhone.Build.0 = Debug|Any CPU
		{6B0B16C2-D0C2-4617-A4DF-0A298A27FF5B}.Debug|iPhone.Deploy.0 = Debug|Any CPU
		{6B0B16C2-D0C2-4617-A4DF-0A298A27FF5B}.Debug|iPhoneSimulator.ActiveCfg = Debug|Any CPU
		{6B0B16C2-D0C2-4617-A4DF-0A298A27FF5B}.Debug|iPhoneSimulator.Build.0 = Debug|Any CPU
		{6B0B16C2-D0C2-4617-A4DF-0A298A27FF5B}.Debug|iPhoneSimulator.Deploy.0 = Debug|Any CPU
		{6B0B16C2-D0C2-4617-A4DF-0A298A27FF5B}.Debug|x64.ActiveCfg = Debug|Any CPU
		{6B0B16C2-D0C2-4617-A4DF-0A298A27FF5B}.Debug|x64.Build.0 = Debug|Any CPU
		{6B0B16C2-D0C2-4617-A4DF-0A298A27FF5B}.Debug|x64.Deploy.0 = Debug|Any CPU
		{6B0B16C2-D0C2-4617-A4DF-0A298A27FF5B}.Debug|x86.ActiveCfg = Debug|Any CPU
		{6B0B16C2-D0C2-4617-A4DF-0A298A27FF5B}.Debug|x86.Build.0 = Debug|Any CPU
		{6B0B16C2-D0C2-4617-A4DF-0A298A27FF5B}.Debug|x86.Deploy.0 = Debug|Any CPU
		{6B0B16C2-D0C2-4617-A4DF-0A298A27FF5B}.Release|Any CPU.ActiveCfg = Release|Any CPU
		{6B0B16C2-D0C2-4617-A4DF-0A298A27FF5B}.Release|Any CPU.Build.0 = Release|Any CPU
		{6B0B16C2-D0C2-4617-A4DF-0A298A27FF5B}.Release|Any CPU.Deploy.0 = Release|Any CPU
		{6B0B16C2-D0C2-4617-A4DF-0A298A27FF5B}.Release|ARM.ActiveCfg = Release|Any CPU
		{6B0B16C2-D0C2-4617-A4DF-0A298A27FF5B}.Release|ARM.Build.0 = Release|Any CPU
		{6B0B16C2-D0C2-4617-A4DF-0A298A27FF5B}.Release|ARM.Deploy.0 = Release|Any CPU
		{6B0B16C2-D0C2-4617-A4DF-0A298A27FF5B}.Release|iPhone.ActiveCfg = Release|Any CPU
		{6B0B16C2-D0C2-4617-A4DF-0A298A27FF5B}.Release|iPhone.Build.0 = Release|Any CPU
		{6B0B16C2-D0C2-4617-A4DF-0A298A27FF5B}.Release|iPhone.Deploy.0 = Release|Any CPU
		{6B0B16C2-D0C2-4617-A4DF-0A298A27FF5B}.Release|iPhoneSimulator.ActiveCfg = Release|Any CPU
		{6B0B16C2-D0C2-4617-A4DF-0A298A27FF5B}.Release|iPhoneSimulator.Build.0 = Release|Any CPU
		{6B0B16C2-D0C2-4617-A4DF-0A298A27FF5B}.Release|iPhoneSimulator.Deploy.0 = Release|Any CPU
		{6B0B16C2-D0C2-4617-A4DF-0A298A27FF5B}.Release|x64.ActiveCfg = Release|Any CPU
		{6B0B16C2-D0C2-4617-A4DF-0A298A27FF5B}.Release|x64.Build.0 = Release|Any CPU
		{6B0B16C2-D0C2-4617-A4DF-0A298A27FF5B}.Release|x64.Deploy.0 = Release|Any CPU
		{6B0B16C2-D0C2-4617-A4DF-0A298A27FF5B}.Release|x86.ActiveCfg = Release|Any CPU
		{6B0B16C2-D0C2-4617-A4DF-0A298A27FF5B}.Release|x86.Build.0 = Release|Any CPU
		{6B0B16C2-D0C2-4617-A4DF-0A298A27FF5B}.Release|x86.Deploy.0 = Release|Any CPU
		{DC89AC35-6301-4643-B902-F2714E80C0A6}.Ad-Hoc|Any CPU.ActiveCfg = Release|Any CPU
		{DC89AC35-6301-4643-B902-F2714E80C0A6}.Ad-Hoc|Any CPU.Build.0 = Release|Any CPU
		{DC89AC35-6301-4643-B902-F2714E80C0A6}.Ad-Hoc|Any CPU.Deploy.0 = Release|Any CPU
		{DC89AC35-6301-4643-B902-F2714E80C0A6}.Ad-Hoc|ARM.ActiveCfg = Release|Any CPU
		{DC89AC35-6301-4643-B902-F2714E80C0A6}.Ad-Hoc|ARM.Build.0 = Release|Any CPU
		{DC89AC35-6301-4643-B902-F2714E80C0A6}.Ad-Hoc|ARM.Deploy.0 = Release|Any CPU
		{DC89AC35-6301-4643-B902-F2714E80C0A6}.Ad-Hoc|iPhone.ActiveCfg = Release|Any CPU
		{DC89AC35-6301-4643-B902-F2714E80C0A6}.Ad-Hoc|iPhone.Build.0 = Release|Any CPU
		{DC89AC35-6301-4643-B902-F2714E80C0A6}.Ad-Hoc|iPhone.Deploy.0 = Release|Any CPU
		{DC89AC35-6301-4643-B902-F2714E80C0A6}.Ad-Hoc|iPhoneSimulator.ActiveCfg = Release|Any CPU
		{DC89AC35-6301-4643-B902-F2714E80C0A6}.Ad-Hoc|iPhoneSimulator.Build.0 = Release|Any CPU
		{DC89AC35-6301-4643-B902-F2714E80C0A6}.Ad-Hoc|iPhoneSimulator.Deploy.0 = Release|Any CPU
		{DC89AC35-6301-4643-B902-F2714E80C0A6}.Ad-Hoc|x64.ActiveCfg = Release|Any CPU
		{DC89AC35-6301-4643-B902-F2714E80C0A6}.Ad-Hoc|x64.Build.0 = Release|Any CPU
		{DC89AC35-6301-4643-B902-F2714E80C0A6}.Ad-Hoc|x64.Deploy.0 = Release|Any CPU
		{DC89AC35-6301-4643-B902-F2714E80C0A6}.Ad-Hoc|x86.ActiveCfg = Release|Any CPU
		{DC89AC35-6301-4643-B902-F2714E80C0A6}.Ad-Hoc|x86.Build.0 = Release|Any CPU
		{DC89AC35-6301-4643-B902-F2714E80C0A6}.Ad-Hoc|x86.Deploy.0 = Release|Any CPU
		{DC89AC35-6301-4643-B902-F2714E80C0A6}.AppStore|Any CPU.ActiveCfg = Release|Any CPU
		{DC89AC35-6301-4643-B902-F2714E80C0A6}.AppStore|Any CPU.Build.0 = Release|Any CPU
		{DC89AC35-6301-4643-B902-F2714E80C0A6}.AppStore|Any CPU.Deploy.0 = Release|Any CPU
		{DC89AC35-6301-4643-B902-F2714E80C0A6}.AppStore|ARM.ActiveCfg = Release|Any CPU
		{DC89AC35-6301-4643-B902-F2714E80C0A6}.AppStore|ARM.Build.0 = Release|Any CPU
		{DC89AC35-6301-4643-B902-F2714E80C0A6}.AppStore|ARM.Deploy.0 = Release|Any CPU
		{DC89AC35-6301-4643-B902-F2714E80C0A6}.AppStore|iPhone.ActiveCfg = Release|Any CPU
		{DC89AC35-6301-4643-B902-F2714E80C0A6}.AppStore|iPhone.Build.0 = Release|Any CPU
		{DC89AC35-6301-4643-B902-F2714E80C0A6}.AppStore|iPhone.Deploy.0 = Release|Any CPU
		{DC89AC35-6301-4643-B902-F2714E80C0A6}.AppStore|iPhoneSimulator.ActiveCfg = Release|Any CPU
		{DC89AC35-6301-4643-B902-F2714E80C0A6}.AppStore|iPhoneSimulator.Build.0 = Release|Any CPU
		{DC89AC35-6301-4643-B902-F2714E80C0A6}.AppStore|iPhoneSimulator.Deploy.0 = Release|Any CPU
		{DC89AC35-6301-4643-B902-F2714E80C0A6}.AppStore|x64.ActiveCfg = Release|Any CPU
		{DC89AC35-6301-4643-B902-F2714E80C0A6}.AppStore|x64.Build.0 = Release|Any CPU
		{DC89AC35-6301-4643-B902-F2714E80C0A6}.AppStore|x64.Deploy.0 = Release|Any CPU
		{DC89AC35-6301-4643-B902-F2714E80C0A6}.AppStore|x86.ActiveCfg = Release|Any CPU
		{DC89AC35-6301-4643-B902-F2714E80C0A6}.AppStore|x86.Build.0 = Release|Any CPU
		{DC89AC35-6301-4643-B902-F2714E80C0A6}.AppStore|x86.Deploy.0 = Release|Any CPU
		{DC89AC35-6301-4643-B902-F2714E80C0A6}.Debug|Any CPU.ActiveCfg = Debug|Any CPU
		{DC89AC35-6301-4643-B902-F2714E80C0A6}.Debug|Any CPU.Build.0 = Debug|Any CPU
		{DC89AC35-6301-4643-B902-F2714E80C0A6}.Debug|Any CPU.Deploy.0 = Debug|Any CPU
		{DC89AC35-6301-4643-B902-F2714E80C0A6}.Debug|ARM.ActiveCfg = Debug|Any CPU
		{DC89AC35-6301-4643-B902-F2714E80C0A6}.Debug|ARM.Build.0 = Debug|Any CPU
		{DC89AC35-6301-4643-B902-F2714E80C0A6}.Debug|ARM.Deploy.0 = Debug|Any CPU
		{DC89AC35-6301-4643-B902-F2714E80C0A6}.Debug|iPhone.ActiveCfg = Debug|Any CPU
		{DC89AC35-6301-4643-B902-F2714E80C0A6}.Debug|iPhone.Build.0 = Debug|Any CPU
		{DC89AC35-6301-4643-B902-F2714E80C0A6}.Debug|iPhone.Deploy.0 = Debug|Any CPU
		{DC89AC35-6301-4643-B902-F2714E80C0A6}.Debug|iPhoneSimulator.ActiveCfg = Debug|Any CPU
		{DC89AC35-6301-4643-B902-F2714E80C0A6}.Debug|iPhoneSimulator.Build.0 = Debug|Any CPU
		{DC89AC35-6301-4643-B902-F2714E80C0A6}.Debug|iPhoneSimulator.Deploy.0 = Debug|Any CPU
		{DC89AC35-6301-4643-B902-F2714E80C0A6}.Debug|x64.ActiveCfg = Debug|Any CPU
		{DC89AC35-6301-4643-B902-F2714E80C0A6}.Debug|x64.Build.0 = Debug|Any CPU
		{DC89AC35-6301-4643-B902-F2714E80C0A6}.Debug|x64.Deploy.0 = Debug|Any CPU
		{DC89AC35-6301-4643-B902-F2714E80C0A6}.Debug|x86.ActiveCfg = Debug|Any CPU
		{DC89AC35-6301-4643-B902-F2714E80C0A6}.Debug|x86.Build.0 = Debug|Any CPU
		{DC89AC35-6301-4643-B902-F2714E80C0A6}.Debug|x86.Deploy.0 = Debug|Any CPU
		{DC89AC35-6301-4643-B902-F2714E80C0A6}.Release|Any CPU.ActiveCfg = Release|Any CPU
		{DC89AC35-6301-4643-B902-F2714E80C0A6}.Release|Any CPU.Build.0 = Release|Any CPU
		{DC89AC35-6301-4643-B902-F2714E80C0A6}.Release|Any CPU.Deploy.0 = Release|Any CPU
		{DC89AC35-6301-4643-B902-F2714E80C0A6}.Release|ARM.ActiveCfg = Release|Any CPU
		{DC89AC35-6301-4643-B902-F2714E80C0A6}.Release|ARM.Build.0 = Release|Any CPU
		{DC89AC35-6301-4643-B902-F2714E80C0A6}.Release|ARM.Deploy.0 = Release|Any CPU
		{DC89AC35-6301-4643-B902-F2714E80C0A6}.Release|iPhone.ActiveCfg = Release|Any CPU
		{DC89AC35-6301-4643-B902-F2714E80C0A6}.Release|iPhone.Build.0 = Release|Any CPU
		{DC89AC35-6301-4643-B902-F2714E80C0A6}.Release|iPhone.Deploy.0 = Release|Any CPU
		{DC89AC35-6301-4643-B902-F2714E80C0A6}.Release|iPhoneSimulator.ActiveCfg = Release|Any CPU
		{DC89AC35-6301-4643-B902-F2714E80C0A6}.Release|iPhoneSimulator.Build.0 = Release|Any CPU
		{DC89AC35-6301-4643-B902-F2714E80C0A6}.Release|iPhoneSimulator.Deploy.0 = Release|Any CPU
		{DC89AC35-6301-4643-B902-F2714E80C0A6}.Release|x64.ActiveCfg = Release|Any CPU
		{DC89AC35-6301-4643-B902-F2714E80C0A6}.Release|x64.Build.0 = Release|Any CPU
		{DC89AC35-6301-4643-B902-F2714E80C0A6}.Release|x64.Deploy.0 = Release|Any CPU
		{DC89AC35-6301-4643-B902-F2714E80C0A6}.Release|x86.ActiveCfg = Release|Any CPU
		{DC89AC35-6301-4643-B902-F2714E80C0A6}.Release|x86.Build.0 = Release|Any CPU
		{DC89AC35-6301-4643-B902-F2714E80C0A6}.Release|x86.Deploy.0 = Release|Any CPU
	EndGlobalSection
	GlobalSection(SolutionProperties) = preSolution
		HideSolutionNode = FALSE
	EndGlobalSection
	GlobalSection(ExtensibilityGlobals) = postSolution
		SolutionGuid = {0D14095E-4510-44A8-80AE-6CB51D9C7157}
	EndGlobalSection
EndGlobal
